
Microsoft Visual Studio Solution File, Format Version 12.00
# Visual Studio 15
VisualStudioVersion = 15.0.27130.2003
MinimumVisualStudioVersion = 10.0.40219.1
Project("{FAE04EC0-301F-11D3-BF4B-00C04F79EFBC}") = "FelineSorter", "FelineSorter\FelineSorter.csproj", "{68FBB90B-93C8-47C5-A6F2-6438C458F0CD}"
EndProject
Global
	GlobalSection(SolutionConfigurationPlatforms) = preSolution
		Debug|Any CPU = Debug|Any CPU
		Release|Any CPU = Release|Any CPU
	EndGlobalSection
	GlobalSection(ProjectConfigurationPlatforms) = postSolution
		{68FBB90B-93C8-47C5-A6F2-6438C458F0CD}.Debug|Any CPU.ActiveCfg = Debug|Any CPU
		{68FBB90B-93C8-47C5-A6F2-6438C458F0CD}.Debug|Any CPU.Build.0 = Debug|Any CPU
		{68FBB90B-93C8-47C5-A6F2-6438C458F0CD}.Release|Any CPU.ActiveCfg = Release|Any CPU
		{68FBB90B-93C8-47C5-A6F2-6438C458F0CD}.Release|Any CPU.Build.0 = Release|Any CPU
	EndGlobalSection
	GlobalSection(SolutionProperties) = preSolution
		HideSolutionNode = FALSE
	EndGlobalSection
	GlobalSection(ExtensibilityGlobals) = postSolution
		SolutionGuid = {18450B58-4BEF-4ED0-9220-8909180F4598}
	EndGlobalSection
EndGlobal
